
Microsoft Visual Studio Solution File, Format Version 12.00
# Visual Studio Version 16
VisualStudioVersion = 16.0.30523.141
MinimumVisualStudioVersion = 10.0.40219.1
Project("{FAE04EC0-301F-11D3-BF4B-00C04F79EFBC}") = "LB__1", "LB__1.csproj", "{EC593640-050F-43C6-B595-AA384702F340}"
EndProject
Project("{FAE04EC0-301F-11D3-BF4B-00C04F79EFBC}") = "Main", "Main\Main.csproj", "{A3ECB01F-8923-4C5A-BC8B-6A552EB87103}"
EndProject
Global
	GlobalSection(SolutionConfigurationPlatforms) = preSolution
		Debug|Any CPU = Debug|Any CPU
		Release|Any CPU = Release|Any CPU
	EndGlobalSection
	GlobalSection(ProjectConfigurationPlatforms) = postSolution
		{EC593640-050F-43C6-B595-AA384702F340}.Debug|Any CPU.ActiveCfg = Debug|Any CPU
		{EC593640-050F-43C6-B595-AA384702F340}.Debug|Any CPU.Build.0 = Debug|Any CPU
		{EC593640-050F-43C6-B595-AA384702F340}.Release|Any CPU.ActiveCfg = Release|Any CPU
		{EC593640-050F-43C6-B595-AA384702F340}.Release|Any CPU.Build.0 = Release|Any CPU
		{A3ECB01F-8923-4C5A-BC8B-6A552EB87103}.Debug|Any CPU.ActiveCfg = Debug|Any CPU
		{A3ECB01F-8923-4C5A-BC8B-6A552EB87103}.Debug|Any CPU.Build.0 = Debug|Any CPU
		{A3ECB01F-8923-4C5A-BC8B-6A552EB87103}.Release|Any CPU.ActiveCfg = Release|Any CPU
		{A3ECB01F-8923-4C5A-BC8B-6A552EB87103}.Release|Any CPU.Build.0 = Release|Any CPU
	EndGlobalSection
	GlobalSection(SolutionProperties) = preSolution
		HideSolutionNode = FALSE
	EndGlobalSection
	GlobalSection(ExtensibilityGlobals) = postSolution
		SolutionGuid = {DA997099-F68D-4A0A-9BAD-F3701D6674CD}
	EndGlobalSection
EndGlobal
